
Microsoft Visual Studio Solution File, Format Version 12.00
# Visual Studio Version 17
VisualStudioVersion = 17.2.32616.157
MinimumVisualStudioVersion = 10.0.40219.1
Project("{888888A0-9F3D-457C-B088-3A5042F75D52}") = "Python_Dictionaries_Key_Value_Pairs", "Python_Dictionaries_Key_Value_Pairs\Python_Dictionaries_Key_Value_Pairs.pyproj", "{93E80446-6765-46F4-BE14-DD4993F0321E}"
EndProject
Global
	GlobalSection(SolutionConfigurationPlatforms) = preSolution
		Debug|Any CPU = Debug|Any CPU
		Release|Any CPU = Release|Any CPU
	EndGlobalSection
	GlobalSection(ProjectConfigurationPlatforms) = postSolution
		{93E80446-6765-46F4-BE14-DD4993F0321E}.Debug|Any CPU.ActiveCfg = Debug|Any CPU
		{93E80446-6765-46F4-BE14-DD4993F0321E}.Release|Any CPU.ActiveCfg = Release|Any CPU
	EndGlobalSection
	GlobalSection(SolutionProperties) = preSolution
		HideSolutionNode = FALSE
	EndGlobalSection
	GlobalSection(ExtensibilityGlobals) = postSolution
		SolutionGuid = {E17F5876-4CBF-4EB0-AFF3-F3397BCE57D6}
	EndGlobalSection
EndGlobal
